
Microsoft Visual Studio Solution File, Format Version 12.00
# Visual Studio Version 16
VisualStudioVersion = 16.0.29924.181
MinimumVisualStudioVersion = 10.0.40219.1
Project("{FAE04EC0-301F-11D3-BF4B-00C04F79EFBC}") = "Blazor.C3jsChart", "Blazor.C3jsChart\Blazor.C3jsChart.csproj", "{A560C292-1929-4791-A046-0AC5A4DB34C9}"
EndProject
Project("{FAE04EC0-301F-11D3-BF4B-00C04F79EFBC}") = "Blazor.C3jsChart.Test", "Blazor.C3jsChart.Test\Blazor.C3jsChart.Test.csproj", "{3B2E5B5E-1091-4661-8689-F4234238FE71}"
EndProject
Global
	GlobalSection(SolutionConfigurationPlatforms) = preSolution
		Debug|Any CPU = Debug|Any CPU
		Release|Any CPU = Release|Any CPU
	EndGlobalSection
	GlobalSection(ProjectConfigurationPlatforms) = postSolution
		{A560C292-1929-4791-A046-0AC5A4DB34C9}.Debug|Any CPU.ActiveCfg = Debug|Any CPU
		{A560C292-1929-4791-A046-0AC5A4DB34C9}.Debug|Any CPU.Build.0 = Debug|Any CPU
		{A560C292-1929-4791-A046-0AC5A4DB34C9}.Release|Any CPU.ActiveCfg = Release|Any CPU
		{A560C292-1929-4791-A046-0AC5A4DB34C9}.Release|Any CPU.Build.0 = Release|Any CPU
		{3B2E5B5E-1091-4661-8689-F4234238FE71}.Debug|Any CPU.ActiveCfg = Debug|Any CPU
		{3B2E5B5E-1091-4661-8689-F4234238FE71}.Debug|Any CPU.Build.0 = Debug|Any CPU
		{3B2E5B5E-1091-4661-8689-F4234238FE71}.Release|Any CPU.ActiveCfg = Release|Any CPU
		{3B2E5B5E-1091-4661-8689-F4234238FE71}.Release|Any CPU.Build.0 = Release|Any CPU
	EndGlobalSection
	GlobalSection(SolutionProperties) = preSolution
		HideSolutionNode = FALSE
	EndGlobalSection
	GlobalSection(ExtensibilityGlobals) = postSolution
		SolutionGuid = {2F526FCA-1400-4289-A638-10190971C50E}
	EndGlobalSection
EndGlobal
